
Microsoft Visual Studio Solution File, Format Version 12.00
# Visual Studio Version 16
VisualStudioVersion = 16.0.30413.136
MinimumVisualStudioVersion = 10.0.40219.1
Project("{FAE04EC0-301F-11D3-BF4B-00C04F79EFBC}") = "Практика1.3", "Практика1.3.csproj", "{1B42ADC0-93BE-43BD-AC34-5993B3480903}"
EndProject
Global
	GlobalSection(SolutionConfigurationPlatforms) = preSolution
		Debug|Any CPU = Debug|Any CPU
		Release|Any CPU = Release|Any CPU
	EndGlobalSection
	GlobalSection(ProjectConfigurationPlatforms) = postSolution
		{1B42ADC0-93BE-43BD-AC34-5993B3480903}.Debug|Any CPU.ActiveCfg = Debug|Any CPU
		{1B42ADC0-93BE-43BD-AC34-5993B3480903}.Debug|Any CPU.Build.0 = Debug|Any CPU
		{1B42ADC0-93BE-43BD-AC34-5993B3480903}.Release|Any CPU.ActiveCfg = Release|Any CPU
		{1B42ADC0-93BE-43BD-AC34-5993B3480903}.Release|Any CPU.Build.0 = Release|Any CPU
	EndGlobalSection
	GlobalSection(SolutionProperties) = preSolution
		HideSolutionNode = FALSE
	EndGlobalSection
	GlobalSection(ExtensibilityGlobals) = postSolution
		SolutionGuid = {6B5BB1FD-BFF1-4A6D-8734-D82086C9F37C}
	EndGlobalSection
EndGlobal
